// !$*UTF8*$!
{
	archiveVersion = 1;
	classes = {
	};
	objectVersion = 56;
	objects = {

/* Begin PBXBuildFile section */
		1A3F4FCA6FA2DCD9F62C889F /* Pods_Marvel_CaractersTests.framework in Frameworks */ = {isa = PBXBuildFile; fileRef = 15F95D324576F27CB8402CA6 /* Pods_Marvel_CaractersTests.framework */; };
		363B449F5F9941714992EE50 /* Pods_Marvel_Caracters.framework in Frameworks */ = {isa = PBXBuildFile; fileRef = 3CA166551D30A35DFCED5B4B /* Pods_Marvel_Caracters.framework */; };
		BA0B4E3A295C2D240074F337 /* CharacterDetails.swift in Sources */ = {isa = PBXBuildFile; fileRef = BA0B4E38295C2D240074F337 /* CharacterDetails.swift */; };
		BA0B4E3B295C2D240074F337 /* CharacterDetails.xib in Resources */ = {isa = PBXBuildFile; fileRef = BA0B4E39295C2D240074F337 /* CharacterDetails.xib */; };
		BA8C4BE0295C3E3F002199C8 /* CharacterDetailsCell.swift in Sources */ = {isa = PBXBuildFile; fileRef = BA8C4BDE295C3E3F002199C8 /* CharacterDetailsCell.swift */; };
		BA8C4BE1295C3E3F002199C8 /* CharacterDetailsCell.xib in Resources */ = {isa = PBXBuildFile; fileRef = BA8C4BDF295C3E3F002199C8 /* CharacterDetailsCell.xib */; };
		BA8C4BE4295C40BE002199C8 /* CharactersDetailsViewModel.swift in Sources */ = {isa = PBXBuildFile; fileRef = BA8C4BE3295C40BE002199C8 /* CharactersDetailsViewModel.swift */; };
		BA8C4BE9295C5A47002199C8 /* SelectedDetailViewController.swift in Sources */ = {isa = PBXBuildFile; fileRef = BA8C4BE7295C5A47002199C8 /* SelectedDetailViewController.swift */; };
		BA8C4BEA295C5A47002199C8 /* SelectedDetailViewController.xib in Resources */ = {isa = PBXBuildFile; fileRef = BA8C4BE8295C5A47002199C8 /* SelectedDetailViewController.xib */; };
		BA8C4BED295C5C68002199C8 /* SelectedDetailCell.swift in Sources */ = {isa = PBXBuildFile; fileRef = BA8C4BEB295C5C68002199C8 /* SelectedDetailCell.swift */; };
		BA8C4BEE295C5C68002199C8 /* SelectedDetailCell.xib in Resources */ = {isa = PBXBuildFile; fileRef = BA8C4BEC295C5C68002199C8 /* SelectedDetailCell.xib */; };
		BABD2C6B295AD93C0006D99E /* AppDelegate.swift in Sources */ = {isa = PBXBuildFile; fileRef = BABD2C6A295AD93C0006D99E /* AppDelegate.swift */; };
		BABD2C6D295AD93C0006D99E /* SceneDelegate.swift in Sources */ = {isa = PBXBuildFile; fileRef = BABD2C6C295AD93C0006D99E /* SceneDelegate.swift */; };
		BABD2C6F295AD93C0006D99E /* ViewController.swift in Sources */ = {isa = PBXBuildFile; fileRef = BABD2C6E295AD93C0006D99E /* ViewController.swift */; };
		BABD2C72295AD93C0006D99E /* Main.storyboard in Resources */ = {isa = PBXBuildFile; fileRef = BABD2C70295AD93C0006D99E /* Main.storyboard */; };
		BABD2C74295AD93F0006D99E /* Assets.xcassets in Resources */ = {isa = PBXBuildFile; fileRef = BABD2C73295AD93F0006D99E /* Assets.xcassets */; };
		BABD2C77295AD93F0006D99E /* LaunchScreen.storyboard in Resources */ = {isa = PBXBuildFile; fileRef = BABD2C75295AD93F0006D99E /* LaunchScreen.storyboard */; };
		BABD2C82295AD93F0006D99E /* Marvel_CaractersTests.swift in Sources */ = {isa = PBXBuildFile; fileRef = BABD2C81295AD93F0006D99E /* Marvel_CaractersTests.swift */; };
		BABD2C8C295AD93F0006D99E /* Marvel_CaractersUITests.swift in Sources */ = {isa = PBXBuildFile; fileRef = BABD2C8B295AD93F0006D99E /* Marvel_CaractersUITests.swift */; };
		BABD2C8E295AD93F0006D99E /* Marvel_CaractersUITestsLaunchTests.swift in Sources */ = {isa = PBXBuildFile; fileRef = BABD2C8D295AD93F0006D99E /* Marvel_CaractersUITestsLaunchTests.swift */; };
		BABD2CA6295ADD290006D99E /* MarvelCharactersCollectionViewCell.swift in Sources */ = {isa = PBXBuildFile; fileRef = BABD2CA4295ADD290006D99E /* MarvelCharactersCollectionViewCell.swift */; };
		BABD2CA7295ADD290006D99E /* MarvelCharactersCollectionViewCell.xib in Resources */ = {isa = PBXBuildFile; fileRef = BABD2CA5295ADD290006D99E /* MarvelCharactersCollectionViewCell.xib */; };
		BABD2CA9295ADFAE0006D99E /* MarvelCharactersModel.swift in Sources */ = {isa = PBXBuildFile; fileRef = BABD2CA8295ADFAE0006D99E /* MarvelCharactersModel.swift */; };
		BABD2CAD295AE3A90006D99E /* MarvelCharactersViewModel.swift in Sources */ = {isa = PBXBuildFile; fileRef = BABD2CAC295AE3A90006D99E /* MarvelCharactersViewModel.swift */; };
		BABD2CAF295AE8E90006D99E /* MarvelCharactersData.swift in Sources */ = {isa = PBXBuildFile; fileRef = BABD2CAE295AE8E90006D99E /* MarvelCharactersData.swift */; };
		BAD81050295B0000004F5255 /* CharactersViewController.swift in Sources */ = {isa = PBXBuildFile; fileRef = BAD8104E295B0000004F5255 /* CharactersViewController.swift */; };
		BAD81051295B0000004F5255 /* CharactersViewController.xib in Resources */ = {isa = PBXBuildFile; fileRef = BAD8104F295B0000004F5255 /* CharactersViewController.xib */; };
		BAD81053295B29F0004F5255 /* Dynamic.swift in Sources */ = {isa = PBXBuildFile; fileRef = BAD81052295B29F0004F5255 /* Dynamic.swift */; };
		E7FECBB604E34FEACD1DB31C /* Pods_Marvel_Caracters_Marvel_CaractersUITests.framework in Frameworks */ = {isa = PBXBuildFile; fileRef = 75720A96579F9D0C329D9B2A /* Pods_Marvel_Caracters_Marvel_CaractersUITests.framework */; };
/* End PBXBuildFile section */

/* Begin PBXContainerItemProxy section */
		BABD2C7E295AD93F0006D99E /* PBXContainerItemProxy */ = {
			isa = PBXContainerItemProxy;
			containerPortal = BABD2C5F295AD93C0006D99E /* Project object */;
			proxyType = 1;
			remoteGlobalIDString = BABD2C66295AD93C0006D99E;
			remoteInfo = "Marvel Caracters";
		};
		BABD2C88295AD93F0006D99E /* PBXContainerItemProxy */ = {
			isa = PBXContainerItemProxy;
			containerPortal = BABD2C5F295AD93C0006D99E /* Project object */;
			proxyType = 1;
			remoteGlobalIDString = BABD2C66295AD93C0006D99E;
			remoteInfo = "Marvel Caracters";
		};
/* End PBXContainerItemProxy section */

/* Begin PBXFileReference section */
		15F95D324576F27CB8402CA6 /* Pods_Marvel_CaractersTests.framework */ = {isa = PBXFileReference; explicitFileType = wrapper.framework; includeInIndex = 0; path = Pods_Marvel_CaractersTests.framework; sourceTree = BUILT_PRODUCTS_DIR; };
		27DCE4B72475ABFE07909E8E /* Pods-Marvel Caracters-Marvel CaractersUITests.debug.xcconfig */ = {isa = PBXFileReference; includeInIndex = 1; lastKnownFileType = text.xcconfig; name = "Pods-Marvel Caracters-Marvel CaractersUITests.debug.xcconfig"; path = "Target Support Files/Pods-Marvel Caracters-Marvel CaractersUITests/Pods-Marvel Caracters-Marvel CaractersUITests.debug.xcconfig"; sourceTree = "<group>"; };
		28A3132C005A29A59DA88A5E /* Pods-Marvel Caracters.release.xcconfig */ = {isa = PBXFileReference; includeInIndex = 1; lastKnownFileType = text.xcconfig; name = "Pods-Marvel Caracters.release.xcconfig"; path = "Target Support Files/Pods-Marvel Caracters/Pods-Marvel Caracters.release.xcconfig"; sourceTree = "<group>"; };
		36DDC4E9891067D32DB23E1D /* Pods-Marvel CaractersTests.debug.xcconfig */ = {isa = PBXFileReference; includeInIndex = 1; lastKnownFileType = text.xcconfig; name = "Pods-Marvel CaractersTests.debug.xcconfig"; path = "Target Support Files/Pods-Marvel CaractersTests/Pods-Marvel CaractersTests.debug.xcconfig"; sourceTree = "<group>"; };
		3CA166551D30A35DFCED5B4B /* Pods_Marvel_Caracters.framework */ = {isa = PBXFileReference; explicitFileType = wrapper.framework; includeInIndex = 0; path = Pods_Marvel_Caracters.framework; sourceTree = BUILT_PRODUCTS_DIR; };
		4A17131095C81BBFEB8ECD29 /* Pods-Marvel CaractersTests.release.xcconfig */ = {isa = PBXFileReference; includeInIndex = 1; lastKnownFileType = text.xcconfig; name = "Pods-Marvel CaractersTests.release.xcconfig"; path = "Target Support Files/Pods-Marvel CaractersTests/Pods-Marvel CaractersTests.release.xcconfig"; sourceTree = "<group>"; };
		75720A96579F9D0C329D9B2A /* Pods_Marvel_Caracters_Marvel_CaractersUITests.framework */ = {isa = PBXFileReference; explicitFileType = wrapper.framework; includeInIndex = 0; path = Pods_Marvel_Caracters_Marvel_CaractersUITests.framework; sourceTree = BUILT_PRODUCTS_DIR; };
		802608B2A678317AA7AE00B9 /* Pods-Marvel Caracters-Marvel CaractersUITests.release.xcconfig */ = {isa = PBXFileReference; includeInIndex = 1; lastKnownFileType = text.xcconfig; name = "Pods-Marvel Caracters-Marvel CaractersUITests.release.xcconfig"; path = "Target Support Files/Pods-Marvel Caracters-Marvel CaractersUITests/Pods-Marvel Caracters-Marvel CaractersUITests.release.xcconfig"; sourceTree = "<group>"; };
		BA0B4E38295C2D240074F337 /* CharacterDetails.swift */ = {isa = PBXFileReference; lastKnownFileType = sourcecode.swift; path = CharacterDetails.swift; sourceTree = "<group>"; };
		BA0B4E39295C2D240074F337 /* CharacterDetails.xib */ = {isa = PBXFileReference; lastKnownFileType = file.xib; path = CharacterDetails.xib; sourceTree = "<group>"; };
		BA8C4BDE295C3E3F002199C8 /* CharacterDetailsCell.swift */ = {isa = PBXFileReference; lastKnownFileType = sourcecode.swift; path = CharacterDetailsCell.swift; sourceTree = "<group>"; };
		BA8C4BDF295C3E3F002199C8 /* CharacterDetailsCell.xib */ = {isa = PBXFileReference; lastKnownFileType = file.xib; path = CharacterDetailsCell.xib; sourceTree = "<group>"; };
		BA8C4BE3295C40BE002199C8 /* CharactersDetailsViewModel.swift */ = {isa = PBXFileReference; lastKnownFileType = sourcecode.swift; path = CharactersDetailsViewModel.swift; sourceTree = "<group>"; };
		BA8C4BE7295C5A47002199C8 /* SelectedDetailViewController.swift */ = {isa = PBXFileReference; lastKnownFileType = sourcecode.swift; path = SelectedDetailViewController.swift; sourceTree = "<group>"; };
		BA8C4BE8295C5A47002199C8 /* SelectedDetailViewController.xib */ = {isa = PBXFileReference; lastKnownFileType = file.xib; path = SelectedDetailViewController.xib; sourceTree = "<group>"; };
		BA8C4BEB295C5C68002199C8 /* SelectedDetailCell.swift */ = {isa = PBXFileReference; lastKnownFileType = sourcecode.swift; path = SelectedDetailCell.swift; sourceTree = "<group>"; };
		BA8C4BEC295C5C68002199C8 /* SelectedDetailCell.xib */ = {isa = PBXFileReference; lastKnownFileType = file.xib; path = SelectedDetailCell.xib; sourceTree = "<group>"; };
		BABD2C67295AD93C0006D99E /* Marvel Caracters.app */ = {isa = PBXFileReference; explicitFileType = wrapper.application; includeInIndex = 0; path = "Marvel Caracters.app"; sourceTree = BUILT_PRODUCTS_DIR; };
		BABD2C6A295AD93C0006D99E /* AppDelegate.swift */ = {isa = PBXFileReference; lastKnownFileType = sourcecode.swift; path = AppDelegate.swift; sourceTree = "<group>"; };
		BABD2C6C295AD93C0006D99E /* SceneDelegate.swift */ = {isa = PBXFileReference; lastKnownFileType = sourcecode.swift; path = SceneDelegate.swift; sourceTree = "<group>"; };
		BABD2C6E295AD93C0006D99E /* ViewController.swift */ = {isa = PBXFileReference; lastKnownFileType = sourcecode.swift; path = ViewController.swift; sourceTree = "<group>"; };
		BABD2C71295AD93C0006D99E /* Base */ = {isa = PBXFileReference; lastKnownFileType = file.storyboard; name = Base; path = Base.lproj/Main.storyboard; sourceTree = "<group>"; };
		BABD2C73295AD93F0006D99E /* Assets.xcassets */ = {isa = PBXFileReference; lastKnownFileType = folder.assetcatalog; path = Assets.xcassets; sourceTree = "<group>"; };
		BABD2C76295AD93F0006D99E /* Base */ = {isa = PBXFileReference; lastKnownFileType = file.storyboard; name = Base; path = Base.lproj/LaunchScreen.storyboard; sourceTree = "<group>"; };
		BABD2C78295AD93F0006D99E /* Info.plist */ = {isa = PBXFileReference; lastKnownFileType = text.plist.xml; path = Info.plist; sourceTree = "<group>"; };
		BABD2C7D295AD93F0006D99E /* Marvel CaractersTests.xctest */ = {isa = PBXFileReference; explicitFileType = wrapper.cfbundle; includeInIndex = 0; path = "Marvel CaractersTests.xctest"; sourceTree = BUILT_PRODUCTS_DIR; };
		BABD2C81295AD93F0006D99E /* Marvel_CaractersTests.swift */ = {isa = PBXFileReference; lastKnownFileType = sourcecode.swift; path = Marvel_CaractersTests.swift; sourceTree = "<group>"; };
		BABD2C87295AD93F0006D99E /* Marvel CaractersUITests.xctest */ = {isa = PBXFileReference; explicitFileType = wrapper.cfbundle; includeInIndex = 0; path = "Marvel CaractersUITests.xctest"; sourceTree = BUILT_PRODUCTS_DIR; };
		BABD2C8B295AD93F0006D99E /* Marvel_CaractersUITests.swift */ = {isa = PBXFileReference; lastKnownFileType = sourcecode.swift; path = Marvel_CaractersUITests.swift; sourceTree = "<group>"; };
		BABD2C8D295AD93F0006D99E /* Marvel_CaractersUITestsLaunchTests.swift */ = {isa = PBXFileReference; lastKnownFileType = sourcecode.swift; path = Marvel_CaractersUITestsLaunchTests.swift; sourceTree = "<group>"; };
		BABD2CA4295ADD290006D99E /* MarvelCharactersCollectionViewCell.swift */ = {isa = PBXFileReference; lastKnownFileType = sourcecode.swift; path = MarvelCharactersCollectionViewCell.swift; sourceTree = "<group>"; };
		BABD2CA5295ADD290006D99E /* MarvelCharactersCollectionViewCell.xib */ = {isa = PBXFileReference; lastKnownFileType = file.xib; path = MarvelCharactersCollectionViewCell.xib; sourceTree = "<group>"; };
		BABD2CA8295ADFAE0006D99E /* MarvelCharactersModel.swift */ = {isa = PBXFileReference; lastKnownFileType = sourcecode.swift; path = MarvelCharactersModel.swift; sourceTree = "<group>"; };
		BABD2CAC295AE3A90006D99E /* MarvelCharactersViewModel.swift */ = {isa = PBXFileReference; lastKnownFileType = sourcecode.swift; path = MarvelCharactersViewModel.swift; sourceTree = "<group>"; };
		BABD2CAE295AE8E90006D99E /* MarvelCharactersData.swift */ = {isa = PBXFileReference; lastKnownFileType = sourcecode.swift; path = MarvelCharactersData.swift; sourceTree = "<group>"; };
		BAD8104E295B0000004F5255 /* CharactersViewController.swift */ = {isa = PBXFileReference; lastKnownFileType = sourcecode.swift; path = CharactersViewController.swift; sourceTree = "<group>"; };
		BAD8104F295B0000004F5255 /* CharactersViewController.xib */ = {isa = PBXFileReference; lastKnownFileType = file.xib; path = CharactersViewController.xib; sourceTree = "<group>"; };
		BAD81052295B29F0004F5255 /* Dynamic.swift */ = {isa = PBXFileReference; lastKnownFileType = sourcecode.swift; path = Dynamic.swift; sourceTree = "<group>"; };
		D3A7863EF2A565347B3A4E2C /* Pods-Marvel Caracters.debug.xcconfig */ = {isa = PBXFileReference; includeInIndex = 1; lastKnownFileType = text.xcconfig; name = "Pods-Marvel Caracters.debug.xcconfig"; path = "Target Support Files/Pods-Marvel Caracters/Pods-Marvel Caracters.debug.xcconfig"; sourceTree = "<group>"; };
/* End PBXFileReference section */

/* Begin PBXFrameworksBuildPhase section */
		BABD2C64295AD93C0006D99E /* Frameworks */ = {
			isa = PBXFrameworksBuildPhase;
			buildActionMask = 2147483647;
			files = (
				363B449F5F9941714992EE50 /* Pods_Marvel_Caracters.framework in Frameworks */,
			);
			runOnlyForDeploymentPostprocessing = 0;
		};
		BABD2C7A295AD93F0006D99E /* Frameworks */ = {
			isa = PBXFrameworksBuildPhase;
			buildActionMask = 2147483647;
			files = (
				1A3F4FCA6FA2DCD9F62C889F /* Pods_Marvel_CaractersTests.framework in Frameworks */,
			);
			runOnlyForDeploymentPostprocessing = 0;
		};
		BABD2C84295AD93F0006D99E /* Frameworks */ = {
			isa = PBXFrameworksBuildPhase;
			buildActionMask = 2147483647;
			files = (
				E7FECBB604E34FEACD1DB31C /* Pods_Marvel_Caracters_Marvel_CaractersUITests.framework in Frameworks */,
			);
			runOnlyForDeploymentPostprocessing = 0;
		};
/* End PBXFrameworksBuildPhase section */

/* Begin PBXGroup section */
		2AC082205FC0AF1AA115D8DA /* Frameworks */ = {
			isa = PBXGroup;
			children = (
				3CA166551D30A35DFCED5B4B /* Pods_Marvel_Caracters.framework */,
				75720A96579F9D0C329D9B2A /* Pods_Marvel_Caracters_Marvel_CaractersUITests.framework */,
				15F95D324576F27CB8402CA6 /* Pods_Marvel_CaractersTests.framework */,
			);
			name = Frameworks;
			sourceTree = "<group>";
		};
		BA0B4E37295C2CF30074F337 /* CharacterDetails */ = {
			isa = PBXGroup;
			children = (
				BA0B4E38295C2D240074F337 /* CharacterDetails.swift */,
				BA8C4BE3295C40BE002199C8 /* CharactersDetailsViewModel.swift */,
				BA0B4E39295C2D240074F337 /* CharacterDetails.xib */,
				BA8C4BE2295C3E46002199C8 /* TableViewCell */,
			);
			path = CharacterDetails;
			sourceTree = "<group>";
		};
		BA8C4BE2295C3E46002199C8 /* TableViewCell */ = {
			isa = PBXGroup;
			children = (
				BA8C4BDE295C3E3F002199C8 /* CharacterDetailsCell.swift */,
				BA8C4BDF295C3E3F002199C8 /* CharacterDetailsCell.xib */,
			);
			path = TableViewCell;
			sourceTree = "<group>";
		};
		BA8C4BE5295C40FD002199C8 /* App+Scene Delegate */ = {
			isa = PBXGroup;
			children = (
				BABD2C6C295AD93C0006D99E /* SceneDelegate.swift */,
				BABD2C6A295AD93C0006D99E /* AppDelegate.swift */,
			);
			path = "App+Scene Delegate";
			sourceTree = "<group>";
		};
		BA8C4BE6295C5A05002199C8 /* SelectedDetail */ = {
			isa = PBXGroup;
			children = (
				BA8C4BEF295C5C6E002199C8 /* selectedDetailCollectionViewCell */,
				BA8C4BE7295C5A47002199C8 /* SelectedDetailViewController.swift */,
				BA8C4BE8295C5A47002199C8 /* SelectedDetailViewController.xib */,
			);
			path = SelectedDetail;
			sourceTree = "<group>";
		};
		BA8C4BEF295C5C6E002199C8 /* selectedDetailCollectionViewCell */ = {
			isa = PBXGroup;
			children = (
				BA8C4BEB295C5C68002199C8 /* SelectedDetailCell.swift */,
				BA8C4BEC295C5C68002199C8 /* SelectedDetailCell.xib */,
			);
			path = selectedDetailCollectionViewCell;
			sourceTree = "<group>";
		};
		BABD2C5E295AD93C0006D99E = {
			isa = PBXGroup;
			children = (
				BABD2C69295AD93C0006D99E /* Marvel Caracters */,
				BABD2C80295AD93F0006D99E /* Marvel CaractersTests */,
				BABD2C8A295AD93F0006D99E /* Marvel CaractersUITests */,
				BABD2C68295AD93C0006D99E /* Products */,
				C77255A088A4BD499366374D /* Pods */,
				2AC082205FC0AF1AA115D8DA /* Frameworks */,
			);
			sourceTree = "<group>";
		};
		BABD2C68295AD93C0006D99E /* Products */ = {
			isa = PBXGroup;
			children = (
				BABD2C67295AD93C0006D99E /* Marvel Caracters.app */,
				BABD2C7D295AD93F0006D99E /* Marvel CaractersTests.xctest */,
				BABD2C87295AD93F0006D99E /* Marvel CaractersUITests.xctest */,
			);
			name = Products;
			sourceTree = "<group>";
		};
		BABD2C69295AD93C0006D99E /* Marvel Caracters */ = {
			isa = PBXGroup;
			children = (
				BA8C4BE5295C40FD002199C8 /* App+Scene Delegate */,
				BABD2C9A295AD9540006D99E /* MarvelCharacters */,
				BA0B4E37295C2CF30074F337 /* CharacterDetails */,
				BA8C4BE6295C5A05002199C8 /* SelectedDetail */,
				BABD2C73295AD93F0006D99E /* Assets.xcassets */,
				BABD2C70295AD93C0006D99E /* Main.storyboard */,
				BABD2C75295AD93F0006D99E /* LaunchScreen.storyboard */,
				BABD2C6E295AD93C0006D99E /* ViewController.swift */,
				BABD2C78295AD93F0006D99E /* Info.plist */,
				BAD81052295B29F0004F5255 /* Dynamic.swift */,
			);
			path = "Marvel Caracters";
			sourceTree = "<group>";
		};
		BABD2C80295AD93F0006D99E /* Marvel CaractersTests */ = {
			isa = PBXGroup;
			children = (
				BABD2C81295AD93F0006D99E /* Marvel_CaractersTests.swift */,
			);
			path = "Marvel CaractersTests";
			sourceTree = "<group>";
		};
		BABD2C8A295AD93F0006D99E /* Marvel CaractersUITests */ = {
			isa = PBXGroup;
			children = (
				BABD2C8B295AD93F0006D99E /* Marvel_CaractersUITests.swift */,
				BABD2C8D295AD93F0006D99E /* Marvel_CaractersUITestsLaunchTests.swift */,
			);
			path = "Marvel CaractersUITests";
			sourceTree = "<group>";
		};
		BABD2C9A295AD9540006D99E /* MarvelCharacters */ = {
			isa = PBXGroup;
			children = (
				BAD8104E295B0000004F5255 /* CharactersViewController.swift */,
				BABD2CAC295AE3A90006D99E /* MarvelCharactersViewModel.swift */,
				BAD8104F295B0000004F5255 /* CharactersViewController.xib */,
				BABD2CA3295ADCFA0006D99E /* CollectionViewCell */,
				BABD2CA8295ADFAE0006D99E /* MarvelCharactersModel.swift */,
				BABD2CAE295AE8E90006D99E /* MarvelCharactersData.swift */,
			);
			path = MarvelCharacters;
			sourceTree = "<group>";
		};
		BABD2CA3295ADCFA0006D99E /* CollectionViewCell */ = {
			isa = PBXGroup;
			children = (
				BABD2CA4295ADD290006D99E /* MarvelCharactersCollectionViewCell.swift */,
				BABD2CA5295ADD290006D99E /* MarvelCharactersCollectionViewCell.xib */,
			);
			path = CollectionViewCell;
			sourceTree = "<group>";
		};
		C77255A088A4BD499366374D /* Pods */ = {
			isa = PBXGroup;
			children = (
				D3A7863EF2A565347B3A4E2C /* Pods-Marvel Caracters.debug.xcconfig */,
				28A3132C005A29A59DA88A5E /* Pods-Marvel Caracters.release.xcconfig */,
				27DCE4B72475ABFE07909E8E /* Pods-Marvel Caracters-Marvel CaractersUITests.debug.xcconfig */,
				802608B2A678317AA7AE00B9 /* Pods-Marvel Caracters-Marvel CaractersUITests.release.xcconfig */,
				36DDC4E9891067D32DB23E1D /* Pods-Marvel CaractersTests.debug.xcconfig */,
				4A17131095C81BBFEB8ECD29 /* Pods-Marvel CaractersTests.release.xcconfig */,
			);
			path = Pods;
			sourceTree = "<group>";
		};
/* End PBXGroup section */

/* Begin PBXNativeTarget section */
		BABD2C66295AD93C0006D99E /* Marvel Caracters */ = {
			isa = PBXNativeTarget;
			buildConfigurationList = BABD2C91295AD93F0006D99E /* Build configuration list for PBXNativeTarget "Marvel Caracters" */;
			buildPhases = (
				DD1AE1A353AD0A763DED717E /* [CP] Check Pods Manifest.lock */,
				BABD2C63295AD93C0006D99E /* Sources */,
				BABD2C64295AD93C0006D99E /* Frameworks */,
				BABD2C65295AD93C0006D99E /* Resources */,
				21AC5004DFA81F9F997DC350 /* [CP] Embed Pods Frameworks */,
			);
			buildRules = (
			);
			dependencies = (
			);
			name = "Marvel Caracters";
			productName = "Marvel Caracters";
			productReference = BABD2C67295AD93C0006D99E /* Marvel Caracters.app */;
			productType = "com.apple.product-type.application";
		};
		BABD2C7C295AD93F0006D99E /* Marvel CaractersTests */ = {
			isa = PBXNativeTarget;
			buildConfigurationList = BABD2C94295AD93F0006D99E /* Build configuration list for PBXNativeTarget "Marvel CaractersTests" */;
			buildPhases = (
				D3FD08E3AEC8FF499C58434F /* [CP] Check Pods Manifest.lock */,
				BABD2C79295AD93F0006D99E /* Sources */,
				BABD2C7A295AD93F0006D99E /* Frameworks */,
				BABD2C7B295AD93F0006D99E /* Resources */,
			);
			buildRules = (
			);
			dependencies = (
				BABD2C7F295AD93F0006D99E /* PBXTargetDependency */,
			);
			name = "Marvel CaractersTests";
			productName = "Marvel CaractersTests";
			productReference = BABD2C7D295AD93F0006D99E /* Marvel CaractersTests.xctest */;
			productType = "com.apple.product-type.bundle.unit-test";
		};
		BABD2C86295AD93F0006D99E /* Marvel CaractersUITests */ = {
			isa = PBXNativeTarget;
			buildConfigurationList = BABD2C97295AD93F0006D99E /* Build configuration list for PBXNativeTarget "Marvel CaractersUITests" */;
			buildPhases = (
				D64A490B86DC9F27FF79ECE6 /* [CP] Check Pods Manifest.lock */,
				BABD2C83295AD93F0006D99E /* Sources */,
				BABD2C84295AD93F0006D99E /* Frameworks */,
				BABD2C85295AD93F0006D99E /* Resources */,
				43FE46592C0E2DD89E6B5DE2 /* [CP] Embed Pods Frameworks */,
			);
			buildRules = (
			);
			dependencies = (
				BABD2C89295AD93F0006D99E /* PBXTargetDependency */,
			);
			name = "Marvel CaractersUITests";
			productName = "Marvel CaractersUITests";
			productReference = BABD2C87295AD93F0006D99E /* Marvel CaractersUITests.xctest */;
			productType = "com.apple.product-type.bundle.ui-testing";
		};
/* End PBXNativeTarget section */

/* Begin PBXProject section */
		BABD2C5F295AD93C0006D99E /* Project object */ = {
			isa = PBXProject;
			attributes = {
				BuildIndependentTargetsInParallel = 1;
				LastSwiftUpdateCheck = 1400;
				LastUpgradeCheck = 1400;
				TargetAttributes = {
					BABD2C66295AD93C0006D99E = {
						CreatedOnToolsVersion = 14.0.1;
					};
					BABD2C7C295AD93F0006D99E = {
						CreatedOnToolsVersion = 14.0.1;
						TestTargetID = BABD2C66295AD93C0006D99E;
					};
					BABD2C86295AD93F0006D99E = {
						CreatedOnToolsVersion = 14.0.1;
						TestTargetID = BABD2C66295AD93C0006D99E;
					};
				};
			};
			buildConfigurationList = BABD2C62295AD93C0006D99E /* Build configuration list for PBXProject "Marvel Caracters" */;
			compatibilityVersion = "Xcode 14.0";
			developmentRegion = en;
			hasScannedForEncodings = 0;
			knownRegions = (
				en,
				Base,
			);
			mainGroup = BABD2C5E295AD93C0006D99E;
			productRefGroup = BABD2C68295AD93C0006D99E /* Products */;
			projectDirPath = "";
			projectRoot = "";
			targets = (
				BABD2C66295AD93C0006D99E /* Marvel Caracters */,
				BABD2C7C295AD93F0006D99E /* Marvel CaractersTests */,
				BABD2C86295AD93F0006D99E /* Marvel CaractersUITests */,
			);
		};
/* End PBXProject section */

/* Begin PBXResourcesBuildPhase section */
		BABD2C65295AD93C0006D99E /* Resources */ = {
			isa = PBXResourcesBuildPhase;
			buildActionMask = 2147483647;
			files = (
				BA8C4BEA295C5A47002199C8 /* SelectedDetailViewController.xib in Resources */,
				BAD81051295B0000004F5255 /* CharactersViewController.xib in Resources */,
				BABD2C77295AD93F0006D99E /* LaunchScreen.storyboard in Resources */,
				BABD2C74295AD93F0006D99E /* Assets.xcassets in Resources */,
				BABD2C72295AD93C0006D99E /* Main.storyboard in Resources */,
				BA8C4BEE295C5C68002199C8 /* SelectedDetailCell.xib in Resources */,
				BA0B4E3B295C2D240074F337 /* CharacterDetails.xib in Resources */,
				BA8C4BE1295C3E3F002199C8 /* CharacterDetailsCell.xib in Resources */,
				BABD2CA7295ADD290006D99E /* MarvelCharactersCollectionViewCell.xib in Resources */,
			);
			runOnlyForDeploymentPostprocessing = 0;
		};
		BABD2C7B295AD93F0006D99E /* Resources */ = {
			isa = PBXResourcesBuildPhase;
			buildActionMask = 2147483647;
			files = (
			);
			runOnlyForDeploymentPostprocessing = 0;
		};
		BABD2C85295AD93F0006D99E /* Resources */ = {
			isa = PBXResourcesBuildPhase;
			buildActionMask = 2147483647;
			files = (
			);
			runOnlyForDeploymentPostprocessing = 0;
		};
/* End PBXResourcesBuildPhase section */

/* Begin PBXShellScriptBuildPhase section */
		21AC5004DFA81F9F997DC350 /* [CP] Embed Pods Frameworks */ = {
			isa = PBXShellScriptBuildPhase;
			buildActionMask = 2147483647;
			files = (
			);
			inputFileListPaths = (
				"${PODS_ROOT}/Target Support Files/Pods-Marvel Caracters/Pods-Marvel Caracters-frameworks-${CONFIGURATION}-input-files.xcfilelist",
			);
			name = "[CP] Embed Pods Frameworks";
			outputFileListPaths = (
				"${PODS_ROOT}/Target Support Files/Pods-Marvel Caracters/Pods-Marvel Caracters-frameworks-${CONFIGURATION}-output-files.xcfilelist",
			);
			runOnlyForDeploymentPostprocessing = 0;
			shellPath = /bin/sh;
			shellScript = "\"${PODS_ROOT}/Target Support Files/Pods-Marvel Caracters/Pods-Marvel Caracters-frameworks.sh\"\n";
			showEnvVarsInLog = 0;
		};
		43FE46592C0E2DD89E6B5DE2 /* [CP] Embed Pods Frameworks */ = {
			isa = PBXShellScriptBuildPhase;
			buildActionMask = 2147483647;
			files = (
			);
			inputFileListPaths = (
				"${PODS_ROOT}/Target Support Files/Pods-Marvel Caracters-Marvel CaractersUITests/Pods-Marvel Caracters-Marvel CaractersUITests-frameworks-${CONFIGURATION}-input-files.xcfilelist",
			);
			name = "[CP] Embed Pods Frameworks";
			outputFileListPaths = (
				"${PODS_ROOT}/Target Support Files/Pods-Marvel Caracters-Marvel CaractersUITests/Pods-Marvel Caracters-Marvel CaractersUITests-frameworks-${CONFIGURATION}-output-files.xcfilelist",
			);
			runOnlyForDeploymentPostprocessing = 0;
			shellPath = /bin/sh;
			shellScript = "\"${PODS_ROOT}/Target Support Files/Pods-Marvel Caracters-Marvel CaractersUITests/Pods-Marvel Caracters-Marvel CaractersUITests-frameworks.sh\"\n";
			showEnvVarsInLog = 0;
		};
		D3FD08E3AEC8FF499C58434F /* [CP] Check Pods Manifest.lock */ = {
			isa = PBXShellScriptBuildPhase;
			buildActionMask = 2147483647;
			files = (
			);
			inputFileListPaths = (
			);
			inputPaths = (
				"${PODS_PODFILE_DIR_PATH}/Podfile.lock",
				"${PODS_ROOT}/Manifest.lock",
			);
			name = "[CP] Check Pods Manifest.lock";
			outputFileListPaths = (
			);
			outputPaths = (
				"$(DERIVED_FILE_DIR)/Pods-Marvel CaractersTests-checkManifestLockResult.txt",
			);
			runOnlyForDeploymentPostprocessing = 0;
			shellPath = /bin/sh;
			shellScript = "diff \"${PODS_PODFILE_DIR_PATH}/Podfile.lock\" \"${PODS_ROOT}/Manifest.lock\" > /dev/null\nif [ $? != 0 ] ; then\n    # print error to STDERR\n    echo \"error: The sandbox is not in sync with the Podfile.lock. Run 'pod install' or update your CocoaPods installation.\" >&2\n    exit 1\nfi\n# This output is used by Xcode 'outputs' to avoid re-running this script phase.\necho \"SUCCESS\" > \"${SCRIPT_OUTPUT_FILE_0}\"\n";
			showEnvVarsInLog = 0;
		};
		D64A490B86DC9F27FF79ECE6 /* [CP] Check Pods Manifest.lock */ = {
			isa = PBXShellScriptBuildPhase;
			buildActionMask = 2147483647;
			files = (
			);
			inputFileListPaths = (
			);
			inputPaths = (
				"${PODS_PODFILE_DIR_PATH}/Podfile.lock",
				"${PODS_ROOT}/Manifest.lock",
			);
			name = "[CP] Check Pods Manifest.lock";
			outputFileListPaths = (
			);
			outputPaths = (
				"$(DERIVED_FILE_DIR)/Pods-Marvel Caracters-Marvel CaractersUITests-checkManifestLockResult.txt",
			);
			runOnlyForDeploymentPostprocessing = 0;
			shellPath = /bin/sh;
			shellScript = "diff \"${PODS_PODFILE_DIR_PATH}/Podfile.lock\" \"${PODS_ROOT}/Manifest.lock\" > /dev/null\nif [ $? != 0 ] ; then\n    # print error to STDERR\n    echo \"error: The sandbox is not in sync with the Podfile.lock. Run 'pod install' or update your CocoaPods installation.\" >&2\n    exit 1\nfi\n# This output is used by Xcode 'outputs' to avoid re-running this script phase.\necho \"SUCCESS\" > \"${SCRIPT_OUTPUT_FILE_0}\"\n";
			showEnvVarsInLog = 0;
		};
		DD1AE1A353AD0A763DED717E /* [CP] Check Pods Manifest.lock */ = {
			isa = PBXShellScriptBuildPhase;
			buildActionMask = 2147483647;
			files = (
			);
			inputFileListPaths = (
			);
			inputPaths = (
				"${PODS_PODFILE_DIR_PATH}/Podfile.lock",
				"${PODS_ROOT}/Manifest.lock",
			);
			name = "[CP] Check Pods Manifest.lock";
			outputFileListPaths = (
			);
			outputPaths = (
				"$(DERIVED_FILE_DIR)/Pods-Marvel Caracters-checkManifestLockResult.txt",
			);
			runOnlyForDeploymentPostprocessing = 0;
			shellPath = /bin/sh;
			shellScript = "diff \"${PODS_PODFILE_DIR_PATH}/Podfile.lock\" \"${PODS_ROOT}/Manifest.lock\" > /dev/null\nif [ $? != 0 ] ; then\n    # print error to STDERR\n    echo \"error: The sandbox is not in sync with the Podfile.lock. Run 'pod install' or update your CocoaPods installation.\" >&2\n    exit 1\nfi\n# This output is used by Xcode 'outputs' to avoid re-running this script phase.\necho \"SUCCESS\" > \"${SCRIPT_OUTPUT_FILE_0}\"\n";
			showEnvVarsInLog = 0;
		};
/* End PBXShellScriptBuildPhase section */

/* Begin PBXSourcesBuildPhase section */
		BABD2C63295AD93C0006D99E /* Sources */ = {
			isa = PBXSourcesBuildPhase;
			buildActionMask = 2147483647;
			files = (
				BAD81053295B29F0004F5255 /* Dynamic.swift in Sources */,
				BA8C4BED295C5C68002199C8 /* SelectedDetailCell.swift in Sources */,
				BABD2C6F295AD93C0006D99E /* ViewController.swift in Sources */,
				BA0B4E3A295C2D240074F337 /* CharacterDetails.swift in Sources */,
				BA8C4BE9295C5A47002199C8 /* SelectedDetailViewController.swift in Sources */,
				BABD2C6B295AD93C0006D99E /* AppDelegate.swift in Sources */,
				BABD2CAF295AE8E90006D99E /* MarvelCharactersData.swift in Sources */,
				BABD2C6D295AD93C0006D99E /* SceneDelegate.swift in Sources */,
				BABD2CAD295AE3A90006D99E /* MarvelCharactersViewModel.swift in Sources */,
				BA8C4BE0295C3E3F002199C8 /* CharacterDetailsCell.swift in Sources */,
				BABD2CA9295ADFAE0006D99E /* MarvelCharactersModel.swift in Sources */,
				BAD81050295B0000004F5255 /* CharactersViewController.swift in Sources */,
				BA8C4BE4295C40BE002199C8 /* CharactersDetailsViewModel.swift in Sources */,
				BABD2CA6295ADD290006D99E /* MarvelCharactersCollectionViewCell.swift in Sources */,
			);
			runOnlyForDeploymentPostprocessing = 0;
		};
		BABD2C79295AD93F0006D99E /* Sources */ = {
			isa = PBXSourcesBuildPhase;
			buildActionMask = 2147483647;
			files = (
				BABD2C82295AD93F0006D99E /* Marvel_CaractersTests.swift in Sources */,
			);
			runOnlyForDeploymentPostprocessing = 0;
		};
		BABD2C83295AD93F0006D99E /* Sources */ = {
			isa = PBXSourcesBuildPhase;
			buildActionMask = 2147483647;
			files = (
				BABD2C8E295AD93F0006D99E /* Marvel_CaractersUITestsLaunchTests.swift in Sources */,
				BABD2C8C295AD93F0006D99E /* Marvel_CaractersUITests.swift in Sources */,
			);
			runOnlyForDeploymentPostprocessing = 0;
		};
/* End PBXSourcesBuildPhase section */

/* Begin PBXTargetDependency section */
		BABD2C7F295AD93F0006D99E /* PBXTargetDependency */ = {
			isa = PBXTargetDependency;
			target = BABD2C66295AD93C0006D99E /* Marvel Caracters */;
			targetProxy = BABD2C7E295AD93F0006D99E /* PBXContainerItemProxy */;
		};
		BABD2C89295AD93F0006D99E /* PBXTargetDependency */ = {
			isa = PBXTargetDependency;
			target = BABD2C66295AD93C0006D99E /* Marvel Caracters */;
			targetProxy = BABD2C88295AD93F0006D99E /* PBXContainerItemProxy */;
		};
/* End PBXTargetDependency section */

/* Begin PBXVariantGroup section */
		BABD2C70295AD93C0006D99E /* Main.storyboard */ = {
			isa = PBXVariantGroup;
			children = (
				BABD2C71295AD93C0006D99E /* Base */,
			);
			name = Main.storyboard;
			sourceTree = "<group>";
		};
		BABD2C75295AD93F0006D99E /* LaunchScreen.storyboard */ = {
			isa = PBXVariantGroup;
			children = (
				BABD2C76295AD93F0006D99E /* Base */,
			);
			name = LaunchScreen.storyboard;
			sourceTree = "<group>";
		};
/* End PBXVariantGroup section */

/* Begin XCBuildConfiguration section */
		BABD2C8F295AD93F0006D99E /* Debug */ = {
			isa = XCBuildConfiguration;
			buildSettings = {
				ALWAYS_SEARCH_USER_PATHS = NO;
				CLANG_ANALYZER_NONNULL = YES;
				CLANG_ANALYZER_NUMBER_OBJECT_CONVERSION = YES_AGGRESSIVE;
				CLANG_CXX_LANGUAGE_STANDARD = "gnu++20";
				CLANG_ENABLE_MODULES = YES;
				CLANG_ENABLE_OBJC_ARC = YES;
				CLANG_ENABLE_OBJC_WEAK = YES;
				CLANG_WARN_BLOCK_CAPTURE_AUTORELEASING = YES;
				CLANG_WARN_BOOL_CONVERSION = YES;
				CLANG_WARN_COMMA = YES;
				CLANG_WARN_CONSTANT_CONVERSION = YES;
				CLANG_WARN_DEPRECATED_OBJC_IMPLEMENTATIONS = YES;
				CLANG_WARN_DIRECT_OBJC_ISA_USAGE = YES_ERROR;
				CLANG_WARN_DOCUMENTATION_COMMENTS = YES;
				CLANG_WARN_EMPTY_BODY = YES;
				CLANG_WARN_ENUM_CONVERSION = YES;
				CLANG_WARN_INFINITE_RECURSION = YES;
				CLANG_WARN_INT_CONVERSION = YES;
				CLANG_WARN_NON_LITERAL_NULL_CONVERSION = YES;
				CLANG_WARN_OBJC_IMPLICIT_RETAIN_SELF = YES;
				CLANG_WARN_OBJC_LITERAL_CONVERSION = YES;
				CLANG_WARN_OBJC_ROOT_CLASS = YES_ERROR;
				CLANG_WARN_QUOTED_INCLUDE_IN_FRAMEWORK_HEADER = YES;
				CLANG_WARN_RANGE_LOOP_ANALYSIS = YES;
				CLANG_WARN_STRICT_PROTOTYPES = YES;
				CLANG_WARN_SUSPICIOUS_MOVE = YES;
				CLANG_WARN_UNGUARDED_AVAILABILITY = YES_AGGRESSIVE;
				CLANG_WARN_UNREACHABLE_CODE = YES;
				CLANG_WARN__DUPLICATE_METHOD_MATCH = YES;
				COPY_PHASE_STRIP = NO;
				DEBUG_INFORMATION_FORMAT = dwarf;
				ENABLE_STRICT_OBJC_MSGSEND = YES;
				ENABLE_TESTABILITY = YES;
				GCC_C_LANGUAGE_STANDARD = gnu11;
				GCC_DYNAMIC_NO_PIC = NO;
				GCC_NO_COMMON_BLOCKS = YES;
				GCC_OPTIMIZATION_LEVEL = 0;
				GCC_PREPROCESSOR_DEFINITIONS = (
					"DEBUG=1",
					"$(inherited)",
				);
				GCC_WARN_64_TO_32_BIT_CONVERSION = YES;
				GCC_WARN_ABOUT_RETURN_TYPE = YES_ERROR;
				GCC_WARN_UNDECLARED_SELECTOR = YES;
				GCC_WARN_UNINITIALIZED_AUTOS = YES_AGGRESSIVE;
				GCC_WARN_UNUSED_FUNCTION = YES;
				GCC_WARN_UNUSED_VARIABLE = YES;
				IPHONEOS_DEPLOYMENT_TARGET = 16.0;
				MTL_ENABLE_DEBUG_INFO = INCLUDE_SOURCE;
				MTL_FAST_MATH = YES;
				ONLY_ACTIVE_ARCH = YES;
				SDKROOT = iphoneos;
				SWIFT_ACTIVE_COMPILATION_CONDITIONS = DEBUG;
				SWIFT_OPTIMIZATION_LEVEL = "-Onone";
			};
			name = Debug;
		};
		BABD2C90295AD93F0006D99E /* Release */ = {
			isa = XCBuildConfiguration;
			buildSettings = {
				ALWAYS_SEARCH_USER_PATHS = NO;
				CLANG_ANALYZER_NONNULL = YES;
				CLANG_ANALYZER_NUMBER_OBJECT_CONVERSION = YES_AGGRESSIVE;
				CLANG_CXX_LANGUAGE_STANDARD = "gnu++20";
				CLANG_ENABLE_MODULES = YES;
				CLANG_ENABLE_OBJC_ARC = YES;
				CLANG_ENABLE_OBJC_WEAK = YES;
				CLANG_WARN_BLOCK_CAPTURE_AUTORELEASING = YES;
				CLANG_WARN_BOOL_CONVERSION = YES;
				CLANG_WARN_COMMA = YES;
				CLANG_WARN_CONSTANT_CONVERSION = YES;
				CLANG_WARN_DEPRECATED_OBJC_IMPLEMENTATIONS = YES;
				CLANG_WARN_DIRECT_OBJC_ISA_USAGE = YES_ERROR;
				CLANG_WARN_DOCUMENTATION_COMMENTS = YES;
				CLANG_WARN_EMPTY_BODY = YES;
				CLANG_WARN_ENUM_CONVERSION = YES;
				CLANG_WARN_INFINITE_RECURSION = YES;
				CLANG_WARN_INT_CONVERSION = YES;
				CLANG_WARN_NON_LITERAL_NULL_CONVERSION = YES;
				CLANG_WARN_OBJC_IMPLICIT_RETAIN_SELF = YES;
				CLANG_WARN_OBJC_LITERAL_CONVERSION = YES;
				CLANG_WARN_OBJC_ROOT_CLASS = YES_ERROR;
				CLANG_WARN_QUOTED_INCLUDE_IN_FRAMEWORK_HEADER = YES;
				CLANG_WARN_RANGE_LOOP_ANALYSIS = YES;
				CLANG_WARN_STRICT_PROTOTYPES = YES;
				CLANG_WARN_SUSPICIOUS_MOVE = YES;
				CLANG_WARN_UNGUARDED_AVAILABILITY = YES_AGGRESSIVE;
				CLANG_WARN_UNREACHABLE_CODE = YES;
				CLANG_WARN__DUPLICATE_METHOD_MATCH = YES;
				COPY_PHASE_STRIP = NO;
				DEBUG_INFORMATION_FORMAT = "dwarf-with-dsym";
				ENABLE_NS_ASSERTIONS = NO;
				ENABLE_STRICT_OBJC_MSGSEND = YES;
				GCC_C_LANGUAGE_STANDARD = gnu11;
				GCC_NO_COMMON_BLOCKS = YES;
				GCC_WARN_64_TO_32_BIT_CONVERSION = YES;
				GCC_WARN_ABOUT_RETURN_TYPE = YES_ERROR;
				GCC_WARN_UNDECLARED_SELECTOR = YES;
				GCC_WARN_UNINITIALIZED_AUTOS = YES_AGGRESSIVE;
				GCC_WARN_UNUSED_FUNCTION = YES;
				GCC_WARN_UNUSED_VARIABLE = YES;
				IPHONEOS_DEPLOYMENT_TARGET = 16.0;
				MTL_ENABLE_DEBUG_INFO = NO;
				MTL_FAST_MATH = YES;
				SDKROOT = iphoneos;
				SWIFT_COMPILATION_MODE = wholemodule;
				SWIFT_OPTIMIZATION_LEVEL = "-O";
				VALIDATE_PRODUCT = YES;
			};
			name = Release;
		};
		BABD2C92295AD93F0006D99E /* Debug */ = {
			isa = XCBuildConfiguration;
			baseConfigurationReference = D3A7863EF2A565347B3A4E2C /* Pods-Marvel Caracters.debug.xcconfig */;
			buildSettings = {
				ASSETCATALOG_COMPILER_APPICON_NAME = AppIcon;
				ASSETCATALOG_COMPILER_GLOBAL_ACCENT_COLOR_NAME = AccentColor;
				CODE_SIGN_STYLE = Automatic;
				CURRENT_PROJECT_VERSION = 1;
				GENERATE_INFOPLIST_FILE = YES;
				INFOPLIST_FILE = "Marvel Caracters/Info.plist";
				INFOPLIST_KEY_UIApplicationSupportsIndirectInputEvents = YES;
				INFOPLIST_KEY_UILaunchStoryboardName = LaunchScreen;
				INFOPLIST_KEY_UIMainStoryboardFile = Main;
				INFOPLIST_KEY_UISupportedInterfaceOrientations_iPad = "UIInterfaceOrientationPortrait UIInterfaceOrientationPortraitUpsideDown UIInterfaceOrientationLandscapeLeft UIInterfaceOrientationLandscapeRight";
				INFOPLIST_KEY_UISupportedInterfaceOrientations_iPhone = "UIInterfaceOrientationPortrait UIInterfaceOrientationLandscapeLeft UIInterfaceOrientationLandscapeRight";
				LD_RUNPATH_SEARCH_PATHS = (
					"$(inherited)",
					"@executable_path/Frameworks",
				);
				MARKETING_VERSION = 1.0;
				PRODUCT_BUNDLE_IDENTIFIER = "A.t.Marvel-Caracters";
				PRODUCT_NAME = "$(TARGET_NAME)";
				SWIFT_EMIT_LOC_STRINGS = YES;
				SWIFT_VERSION = 5.0;
				TARGETED_DEVICE_FAMILY = "1,2";
			};
			name = Debug;
		};
		BABD2C93295AD93F0006D99E /* Release */ = {
			isa = XCBuildConfiguration;
			baseConfigurationReference = 28A3132C005A29A59DA88A5E /* Pods-Marvel Caracters.release.xcconfig */;
			buildSettings = {
				ASSETCATALOG_COMPILER_APPICON_NAME = AppIcon;
				ASSETCATALOG_COMPILER_GLOBAL_ACCENT_COLOR_NAME = AccentColor;
				CODE_SIGN_STYLE = Automatic;
				CURRENT_PROJECT_VERSION = 1;
				GENERATE_INFOPLIST_FILE = YES;
				INFOPLIST_FILE = "Marvel Caracters/Info.plist";
				INFOPLIST_KEY_UIApplicationSupportsIndirectInputEvents = YES;
				INFOPLIST_KEY_UILaunchStoryboardName = LaunchScreen;
				INFOPLIST_KEY_UIMainStoryboardFile = Main;
				INFOPLIST_KEY_UISupportedInterfaceOrientations_iPad = "UIInterfaceOrientationPortrait UIInterfaceOrientationPortraitUpsideDown UIInterfaceOrientationLandscapeLeft UIInterfaceOrientationLandscapeRight";
				INFOPLIST_KEY_UISupportedInterfaceOrientations_iPhone = "UIInterfaceOrientationPortrait UIInterfaceOrientationLandscapeLeft UIInterfaceOrientationLandscapeRight";
				LD_RUNPATH_SEARCH_PATHS = (
					"$(inherited)",
					"@executable_path/Frameworks",
				);
				MARKETING_VERSION = 1.0;
				PRODUCT_BUNDLE_IDENTIFIER = "A.t.Marvel-Caracters";
				PRODUCT_NAME = "$(TARGET_NAME)";
				SWIFT_EMIT_LOC_STRINGS = YES;
				SWIFT_VERSION = 5.0;
				TARGETED_DEVICE_FAMILY = "1,2";
			};
			name = Release;
		};
		BABD2C95295AD93F0006D99E /* Debug */ = {
			isa = XCBuildConfiguration;
			baseConfigurationReference = 36DDC4E9891067D32DB23E1D /* Pods-Marvel CaractersTests.debug.xcconfig */;
			buildSettings = {
				ALWAYS_EMBED_SWIFT_STANDARD_LIBRARIES = YES;
				BUNDLE_LOADER = "$(TEST_HOST)";
				CODE_SIGN_STYLE = Automatic;
				CURRENT_PROJECT_VERSION = 1;
				GENERATE_INFOPLIST_FILE = YES;
				IPHONEOS_DEPLOYMENT_TARGET = 16.0;
				MARKETING_VERSION = 1.0;
				PRODUCT_BUNDLE_IDENTIFIER = "A.t.Marvel-CaractersTests";
				PRODUCT_NAME = "$(TARGET_NAME)";
				SWIFT_EMIT_LOC_STRINGS = NO;
				SWIFT_VERSION = 5.0;
				TARGETED_DEVICE_FAMILY = "1,2";
				TEST_HOST = "$(BUILT_PRODUCTS_DIR)/Marvel Caracters.app/$(BUNDLE_EXECUTABLE_FOLDER_PATH)/Marvel Caracters";
			};
			name = Debug;
		};
		BABD2C96295AD93F0006D99E /* Release */ = {
			isa = XCBuildConfiguration;
			baseConfigurationReference = 4A17131095C81BBFEB8ECD29 /* Pods-Marvel CaractersTests.release.xcconfig */;
			buildSettings = {
				ALWAYS_EMBED_SWIFT_STANDARD_LIBRARIES = YES;
				BUNDLE_LOADER = "$(TEST_HOST)";
				CODE_SIGN_STYLE = Automatic;
				CURRENT_PROJECT_VERSION = 1;
				GENERATE_INFOPLIST_FILE = YES;
				IPHONEOS_DEPLOYMENT_TARGET = 16.0;
				MARKETING_VERSION = 1.0;
				PRODUCT_BUNDLE_IDENTIFIER = "A.t.Marvel-CaractersTests";
				PRODUCT_NAME = "$(TARGET_NAME)";
				SWIFT_EMIT_LOC_STRINGS = NO;
				SWIFT_VERSION = 5.0;
				TARGETED_DEVICE_FAMILY = "1,2";
				TEST_HOST = "$(BUILT_PRODUCTS_DIR)/Marvel Caracters.app/$(BUNDLE_EXECUTABLE_FOLDER_PATH)/Marvel Caracters";
			};
			name = Release;
		};
		BABD2C98295AD93F0006D99E /* Debug */ = {
			isa = XCBuildConfiguration;
			baseConfigurationReference = 27DCE4B72475ABFE07909E8E /* Pods-Marvel Caracters-Marvel CaractersUITests.debug.xcconfig */;
			buildSettings = {
				ALWAYS_EMBED_SWIFT_STANDARD_LIBRARIES = YES;
				CODE_SIGN_STYLE = Automatic;
				CURRENT_PROJECT_VERSION = 1;
				GENERATE_INFOPLIST_FILE = YES;
				MARKETING_VERSION = 1.0;
				PRODUCT_BUNDLE_IDENTIFIER = "A.t.Marvel-CaractersUITests";
				PRODUCT_NAME = "$(TARGET_NAME)";
				SWIFT_EMIT_LOC_STRINGS = NO;
				SWIFT_VERSION = 5.0;
				TARGETED_DEVICE_FAMILY = "1,2";
				TEST_TARGET_NAME = "Marvel Caracters";
			};
			name = Debug;
		};
		BABD2C99295AD93F0006D99E /* Release */ = {
			isa = XCBuildConfiguration;
			baseConfigurationReference = 802608B2A678317AA7AE00B9 /* Pods-Marvel Caracters-Marvel CaractersUITests.release.xcconfig */;
			buildSettings = {
				ALWAYS_EMBED_SWIFT_STANDARD_LIBRARIES = YES;
				CODE_SIGN_STYLE = Automatic;
				CURRENT_PROJECT_VERSION = 1;
				GENERATE_INFOPLIST_FILE = YES;
				MARKETING_VERSION = 1.0;
				PRODUCT_BUNDLE_IDENTIFIER = "A.t.Marvel-CaractersUITests";
				PRODUCT_NAME = "$(TARGET_NAME)";
				SWIFT_EMIT_LOC_STRINGS = NO;
				SWIFT_VERSION = 5.0;
				TARGETED_DEVICE_FAMILY = "1,2";
				TEST_TARGET_NAME = "Marvel Caracters";
			};
			name = Release;
		};
/* End XCBuildConfiguration section */

/* Begin XCConfigurationList section */
		BABD2C62295AD93C0006D99E /* Build configuration list for PBXProject "Marvel Caracters" */ = {
			isa = XCConfigurationList;
			buildConfigurations = (
				BABD2C8F295AD93F0006D99E /* Debug */,
				BABD2C90295AD93F0006D99E /* Release */,
			);
			defaultConfigurationIsVisible = 0;
			defaultConfigurationName = Release;
		};
		BABD2C91295AD93F0006D99E /* Build configuration list for PBXNativeTarget "Marvel Caracters" */ = {
			isa = XCConfigurationList;
			buildConfigurations = (
				BABD2C92295AD93F0006D99E /* Debug */,
				BABD2C93295AD93F0006D99E /* Release */,
			);
			defaultConfigurationIsVisible = 0;
			defaultConfigurationName = Release;
		};
		BABD2C94295AD93F0006D99E /* Build configuration list for PBXNativeTarget "Marvel CaractersTests" */ = {
			isa = XCConfigurationList;
			buildConfigurations = (
				BABD2C95295AD93F0006D99E /* Debug */,
				BABD2C96295AD93F0006D99E /* Release */,
			);
			defaultConfigurationIsVisible = 0;
			defaultConfigurationName = Release;
		};
		BABD2C97295AD93F0006D99E /* Build configuration list for PBXNativeTarget "Marvel CaractersUITests" */ = {
			isa = XCConfigurationList;
			buildConfigurations = (
				BABD2C98295AD93F0006D99E /* Debug */,
				BABD2C99295AD93F0006D99E /* Release */,
			);
			defaultConfigurationIsVisible = 0;
			defaultConfigurationName = Release;
		};
/* End XCConfigurationList section */
	};
	rootObject = BABD2C5F295AD93C0006D99E /* Project object */;
}
